
Microsoft Visual Studio Solution File, Format Version 12.00
# Visual Studio 14
VisualStudioVersion = 14.0.23107.0
MinimumVisualStudioVersion = 10.0.40219.1
Project("{FAE04EC0-301F-11D3-BF4B-00C04F79EFBC}") = "LINQBegin2", "LENQBegin\LINQBegin2.csproj", "{8B987C8A-D6D3-4264-B7BC-8C8CE47888BE}"
EndProject
Project("{FAE04EC0-301F-11D3-BF4B-00C04F79EFBC}") = "LINQBegin4", "LINQBegin4\LINQBegin4.csproj", "{E88A55CE-DA13-46D7-8EEB-8ADAC3DA4671}"
EndProject
Project("{FAE04EC0-301F-11D3-BF4B-00C04F79EFBC}") = "LINQBegin6", "LINQBegin6\LINQBegin6.csproj", "{AB430594-B175-466B-87F5-1FFA4D21D965}"
EndProject
Project("{FAE04EC0-301F-11D3-BF4B-00C04F79EFBC}") = "LINQBegin8", "LINQBegin8\LINQBegin8.csproj", "{118EDFC0-5656-42D9-A844-8FBCA1A914EE}"
EndProject
Project("{FAE04EC0-301F-11D3-BF4B-00C04F79EFBC}") = "LINQBegin16", "LINQBegin16\LINQBegin16.csproj", "{E2966378-0A65-4321-B238-BF0681155921}"
EndProject
Project("{FAE04EC0-301F-11D3-BF4B-00C04F79EFBC}") = "LINQBegin10", "LINQBegin10\LINQBegin10.csproj", "{1B74D20B-73F3-4936-9EA6-C2F3A7DDCC7E}"
EndProject
Project("{FAE04EC0-301F-11D3-BF4B-00C04F79EFBC}") = "LINQBegin12", "LINQBegin12\LINQBegin12.csproj", "{733F730A-3332-4EAB-9608-D68407D9C885}"
EndProject
Project("{FAE04EC0-301F-11D3-BF4B-00C04F79EFBC}") = "LINQBegin14", "LINQBegin14\LINQBegin14.csproj", "{A057F2EC-2994-4FDD-8EB5-413AF02D9338}"
EndProject
Project("{FAE04EC0-301F-11D3-BF4B-00C04F79EFBC}") = "LINQBegin18", "LINQBegin18\LINQBegin18.csproj", "{D2FA420E-A7E5-4206-831C-AF7B1C242385}"
EndProject
Project("{FAE04EC0-301F-11D3-BF4B-00C04F79EFBC}") = "LINQBegin20", "LINQBegin20\LINQBegin20.csproj", "{696695D3-7413-4012-BB7B-8D54285D31B0}"
EndProject
Project("{FAE04EC0-301F-11D3-BF4B-00C04F79EFBC}") = "LINQBegin22", "LINQBegin22\LINQBegin22.csproj", "{B5CA314C-A99F-47F4-85E5-4589249C1B2E}"
EndProject
Project("{FAE04EC0-301F-11D3-BF4B-00C04F79EFBC}") = "LINQBegin24", "LINQBegin24\LINQBegin24.csproj", "{4A86D6E6-5F43-4BD6-AA46-FD9EA15BBBDF}"
EndProject
Project("{FAE04EC0-301F-11D3-BF4B-00C04F79EFBC}") = "LINQBegin26", "LINQBegin26\LINQBegin26.csproj", "{4D9848FB-C084-45A8-BB7F-93222DC44066}"
EndProject
Project("{FAE04EC0-301F-11D3-BF4B-00C04F79EFBC}") = "LINQBegin28", "LINQBegin28\LINQBegin28.csproj", "{1BAA430F-6390-44BC-9487-E40CA7379538}"
EndProject
Global
	GlobalSection(SolutionConfigurationPlatforms) = preSolution
		Debug|Any CPU = Debug|Any CPU
		Release|Any CPU = Release|Any CPU
	EndGlobalSection
	GlobalSection(ProjectConfigurationPlatforms) = postSolution
		{8B987C8A-D6D3-4264-B7BC-8C8CE47888BE}.Debug|Any CPU.ActiveCfg = Debug|Any CPU
		{8B987C8A-D6D3-4264-B7BC-8C8CE47888BE}.Debug|Any CPU.Build.0 = Debug|Any CPU
		{8B987C8A-D6D3-4264-B7BC-8C8CE47888BE}.Release|Any CPU.ActiveCfg = Release|Any CPU
		{8B987C8A-D6D3-4264-B7BC-8C8CE47888BE}.Release|Any CPU.Build.0 = Release|Any CPU
		{E88A55CE-DA13-46D7-8EEB-8ADAC3DA4671}.Debug|Any CPU.ActiveCfg = Debug|Any CPU
		{E88A55CE-DA13-46D7-8EEB-8ADAC3DA4671}.Debug|Any CPU.Build.0 = Debug|Any CPU
		{E88A55CE-DA13-46D7-8EEB-8ADAC3DA4671}.Release|Any CPU.ActiveCfg = Release|Any CPU
		{E88A55CE-DA13-46D7-8EEB-8ADAC3DA4671}.Release|Any CPU.Build.0 = Release|Any CPU
		{AB430594-B175-466B-87F5-1FFA4D21D965}.Debug|Any CPU.ActiveCfg = Debug|Any CPU
		{AB430594-B175-466B-87F5-1FFA4D21D965}.Debug|Any CPU.Build.0 = Debug|Any CPU
		{AB430594-B175-466B-87F5-1FFA4D21D965}.Release|Any CPU.ActiveCfg = Release|Any CPU
		{AB430594-B175-466B-87F5-1FFA4D21D965}.Release|Any CPU.Build.0 = Release|Any CPU
		{118EDFC0-5656-42D9-A844-8FBCA1A914EE}.Debug|Any CPU.ActiveCfg = Debug|Any CPU
		{118EDFC0-5656-42D9-A844-8FBCA1A914EE}.Debug|Any CPU.Build.0 = Debug|Any CPU
		{118EDFC0-5656-42D9-A844-8FBCA1A914EE}.Release|Any CPU.ActiveCfg = Release|Any CPU
		{118EDFC0-5656-42D9-A844-8FBCA1A914EE}.Release|Any CPU.Build.0 = Release|Any CPU
		{E2966378-0A65-4321-B238-BF0681155921}.Debug|Any CPU.ActiveCfg = Debug|Any CPU
		{E2966378-0A65-4321-B238-BF0681155921}.Debug|Any CPU.Build.0 = Debug|Any CPU
		{E2966378-0A65-4321-B238-BF0681155921}.Release|Any CPU.ActiveCfg = Release|Any CPU
		{E2966378-0A65-4321-B238-BF0681155921}.Release|Any CPU.Build.0 = Release|Any CPU
		{1B74D20B-73F3-4936-9EA6-C2F3A7DDCC7E}.Debug|Any CPU.ActiveCfg = Debug|Any CPU
		{1B74D20B-73F3-4936-9EA6-C2F3A7DDCC7E}.Debug|Any CPU.Build.0 = Debug|Any CPU
		{1B74D20B-73F3-4936-9EA6-C2F3A7DDCC7E}.Release|Any CPU.ActiveCfg = Release|Any CPU
		{1B74D20B-73F3-4936-9EA6-C2F3A7DDCC7E}.Release|Any CPU.Build.0 = Release|Any CPU
		{733F730A-3332-4EAB-9608-D68407D9C885}.Debug|Any CPU.ActiveCfg = Debug|Any CPU
		{733F730A-3332-4EAB-9608-D68407D9C885}.Debug|Any CPU.Build.0 = Debug|Any CPU
		{733F730A-3332-4EAB-9608-D68407D9C885}.Release|Any CPU.ActiveCfg = Release|Any CPU
		{733F730A-3332-4EAB-9608-D68407D9C885}.Release|Any CPU.Build.0 = Release|Any CPU
		{A057F2EC-2994-4FDD-8EB5-413AF02D9338}.Debug|Any CPU.ActiveCfg = Debug|Any CPU
		{A057F2EC-2994-4FDD-8EB5-413AF02D9338}.Debug|Any CPU.Build.0 = Debug|Any CPU
		{A057F2EC-2994-4FDD-8EB5-413AF02D9338}.Release|Any CPU.ActiveCfg = Release|Any CPU
		{A057F2EC-2994-4FDD-8EB5-413AF02D9338}.Release|Any CPU.Build.0 = Release|Any CPU
		{D2FA420E-A7E5-4206-831C-AF7B1C242385}.Debug|Any CPU.ActiveCfg = Debug|Any CPU
		{D2FA420E-A7E5-4206-831C-AF7B1C242385}.Debug|Any CPU.Build.0 = Debug|Any CPU
		{D2FA420E-A7E5-4206-831C-AF7B1C242385}.Release|Any CPU.ActiveCfg = Release|Any CPU
		{D2FA420E-A7E5-4206-831C-AF7B1C242385}.Release|Any CPU.Build.0 = Release|Any CPU
		{696695D3-7413-4012-BB7B-8D54285D31B0}.Debug|Any CPU.ActiveCfg = Debug|Any CPU
		{696695D3-7413-4012-BB7B-8D54285D31B0}.Debug|Any CPU.Build.0 = Debug|Any CPU
		{696695D3-7413-4012-BB7B-8D54285D31B0}.Release|Any CPU.ActiveCfg = Release|Any CPU
		{696695D3-7413-4012-BB7B-8D54285D31B0}.Release|Any CPU.Build.0 = Release|Any CPU
		{B5CA314C-A99F-47F4-85E5-4589249C1B2E}.Debug|Any CPU.ActiveCfg = Debug|Any CPU
		{B5CA314C-A99F-47F4-85E5-4589249C1B2E}.Debug|Any CPU.Build.0 = Debug|Any CPU
		{B5CA314C-A99F-47F4-85E5-4589249C1B2E}.Release|Any CPU.ActiveCfg = Release|Any CPU
		{B5CA314C-A99F-47F4-85E5-4589249C1B2E}.Release|Any CPU.Build.0 = Release|Any CPU
		{4A86D6E6-5F43-4BD6-AA46-FD9EA15BBBDF}.Debug|Any CPU.ActiveCfg = Debug|Any CPU
		{4A86D6E6-5F43-4BD6-AA46-FD9EA15BBBDF}.Debug|Any CPU.Build.0 = Debug|Any CPU
		{4A86D6E6-5F43-4BD6-AA46-FD9EA15BBBDF}.Release|Any CPU.ActiveCfg = Release|Any CPU
		{4A86D6E6-5F43-4BD6-AA46-FD9EA15BBBDF}.Release|Any CPU.Build.0 = Release|Any CPU
		{4D9848FB-C084-45A8-BB7F-93222DC44066}.Debug|Any CPU.ActiveCfg = Debug|Any CPU
		{4D9848FB-C084-45A8-BB7F-93222DC44066}.Debug|Any CPU.Build.0 = Debug|Any CPU
		{4D9848FB-C084-45A8-BB7F-93222DC44066}.Release|Any CPU.ActiveCfg = Release|Any CPU
		{4D9848FB-C084-45A8-BB7F-93222DC44066}.Release|Any CPU.Build.0 = Release|Any CPU
		{1BAA430F-6390-44BC-9487-E40CA7379538}.Debug|Any CPU.ActiveCfg = Debug|Any CPU
		{1BAA430F-6390-44BC-9487-E40CA7379538}.Debug|Any CPU.Build.0 = Debug|Any CPU
		{1BAA430F-6390-44BC-9487-E40CA7379538}.Release|Any CPU.ActiveCfg = Release|Any CPU
		{1BAA430F-6390-44BC-9487-E40CA7379538}.Release|Any CPU.Build.0 = Release|Any CPU
	EndGlobalSection
	GlobalSection(SolutionProperties) = preSolution
		HideSolutionNode = FALSE
	EndGlobalSection
EndGlobal
